
Microsoft Visual Studio Solution File, Format Version 12.00
# Visual Studio Version 17
VisualStudioVersion = 17.11.35219.272
MinimumVisualStudioVersion = 10.0.40219.1
Project("{FAE04EC0-301F-11D3-BF4B-00C04F79EFBC}") = "Iterator Pattern", "Iterator Pattern\Iterator Pattern.csproj", "{77E2C69B-0801-48DC-A91C-11B69F4FAEB0}"
EndProject
Global
	GlobalSection(SolutionConfigurationPlatforms) = preSolution
		Debug|Any CPU = Debug|Any CPU
		Release|Any CPU = Release|Any CPU
	EndGlobalSection
	GlobalSection(ProjectConfigurationPlatforms) = postSolution
		{77E2C69B-0801-48DC-A91C-11B69F4FAEB0}.Debug|Any CPU.ActiveCfg = Debug|Any CPU
		{77E2C69B-0801-48DC-A91C-11B69F4FAEB0}.Debug|Any CPU.Build.0 = Debug|Any CPU
		{77E2C69B-0801-48DC-A91C-11B69F4FAEB0}.Release|Any CPU.ActiveCfg = Release|Any CPU
		{77E2C69B-0801-48DC-A91C-11B69F4FAEB0}.Release|Any CPU.Build.0 = Release|Any CPU
	EndGlobalSection
	GlobalSection(SolutionProperties) = preSolution
		HideSolutionNode = FALSE
	EndGlobalSection
	GlobalSection(ExtensibilityGlobals) = postSolution
		SolutionGuid = {995E3E49-5A9C-44EF-8AFA-5094C9552EBB}
	EndGlobalSection
EndGlobal
